{
  "name": "new-folder",
  "version": "1.0.0",
  "lockfileVersion": 2,
  "requires": true,
  "packages": {
    "": {
      "name": "new-folder",
      "version": "1.0.0",
      "license": "ISC",
      "dependencies": {
        "afk": "^1.0.0",
        "sensor-afk": "^1.1.2"
      }
    },
    "node_modules/afk": {
      "version": "1.0.0",
      "resolved": "https://registry.npmjs.org/afk/-/afk-1.0.0.tgz",
      "integrity": "sha512-ydKHqSeHZBFVtiPzFdg0yaRpBV11o5VT32xAgzfdjLKYwV3dZW2u3SOMJ8iKCipDHd0X18aZSomE4NJ0tCuoVA==",
      "dependencies": {
        "desktop-idle": "1.1.1"
      },
      "engines": {
        "node": ">= 8.0.0"
      }
    },
    "node_modules/desktop-idle": {
      "version": "1.1.1",
      "resolved": "https://registry.npmjs.org/desktop-idle/-/desktop-idle-1.1.1.tgz",
      "integrity": "sha512-HPeIEk6OFnrVhbg7TvnmJTRoB5p4K3U/5i9Rl33pTr7lVH38JrdioWHhtFVQcpSUK4iOjVlRiwi5WUzFYkPOhQ==",
      "cpu": [
        "x64",
        "ia32"
      ],
      "hasInstallScript": true,
      "os": [
        "windows",
        "linux",
        "darwin",
        "win32"
      ],
      "engines": {
        "node": ">=7.9.0"
      }
    },
    "node_modules/sensor-afk": {
      "version": "1.1.2",
      "resolved": "https://registry.npmjs.org/sensor-afk/-/sensor-afk-1.1.2.tgz",
      "integrity": "sha512-bfLZpHFPnd4gO4EpTi1OFNoWg0c4StW6RPWekoMyDa3JxMgsFfjxSBrrAzP4QDgXUjFuLkDORD4nAREnR12SIw=="
    }
  },
  "dependencies": {
    "afk": {
      "version": "1.0.0",
      "resolved": "https://registry.npmjs.org/afk/-/afk-1.0.0.tgz",
      "integrity": "sha512-ydKHqSeHZBFVtiPzFdg0yaRpBV11o5VT32xAgzfdjLKYwV3dZW2u3SOMJ8iKCipDHd0X18aZSomE4NJ0tCuoVA==",
      "requires": {
        "desktop-idle": "1.1.1"
      }
    },
    "desktop-idle": {
      "version": "1.1.1",
      "resolved": "https://registry.npmjs.org/desktop-idle/-/desktop-idle-1.1.1.tgz",
      "integrity": "sha512-HPeIEk6OFnrVhbg7TvnmJTRoB5p4K3U/5i9Rl33pTr7lVH38JrdioWHhtFVQcpSUK4iOjVlRiwi5WUzFYkPOhQ=="
    },
    "sensor-afk": {
      "version": "1.1.2",
      "resolved": "https://registry.npmjs.org/sensor-afk/-/sensor-afk-1.1.2.tgz",
      "integrity": "sha512-bfLZpHFPnd4gO4EpTi1OFNoWg0c4StW6RPWekoMyDa3JxMgsFfjxSBrrAzP4QDgXUjFuLkDORD4nAREnR12SIw=="
    }
  }
}
